
Microsoft Visual Studio Solution File, Format Version 12.00
# Visual Studio Version 17
VisualStudioVersion = 17.8.34330.188
MinimumVisualStudioVersion = 10.0.40219.1
Project("{FAE04EC0-301F-11D3-BF4B-00C04F79EFBC}") = "DalaliShopAPI", "DalaliShopAPI\DalaliShopAPI.csproj", "{73AE1FC9-D833-4F07-8029-7D53BD89A276}"
EndProject
Project("{FAE04EC0-301F-11D3-BF4B-00C04F79EFBC}") = "DalaliShopDataAccessLayer", "DalaliShopDataAccessLayer\DalaliShopDataAccessLayer.csproj", "{BE8CE354-8AB2-4959-925E-57C1A2893AE9}"
EndProject
Project("{FAE04EC0-301F-11D3-BF4B-00C04F79EFBC}") = "DalaliShopBusLogic", "DalaliShopCommonObjects\DalaliShopBusLogic.csproj", "{88D1A0A6-5611-4F1D-ACB0-212CCA899538}"
EndProject
Project("{FAE04EC0-301F-11D3-BF4B-00C04F79EFBC}") = "DalaliShopCommon", "DalaliShopCommon\DalaliShopCommon.csproj", "{A3C092FA-0C89-4252-98D4-0F62A7348337}"
EndProject
Project("{FAE04EC0-301F-11D3-BF4B-00C04F79EFBC}") = "RepetativeCodeGenerator", "RepetativeCodeGenerator\RepetativeCodeGenerator.csproj", "{E36626FC-3F4B-4A0F-A7CB-44FC95B5CFD0}"
EndProject
Global
	GlobalSection(SolutionConfigurationPlatforms) = preSolution
		Debug|Any CPU = Debug|Any CPU
		Release|Any CPU = Release|Any CPU
	EndGlobalSection
	GlobalSection(ProjectConfigurationPlatforms) = postSolution
		{73AE1FC9-D833-4F07-8029-7D53BD89A276}.Debug|Any CPU.ActiveCfg = Debug|Any CPU
		{73AE1FC9-D833-4F07-8029-7D53BD89A276}.Debug|Any CPU.Build.0 = Debug|Any CPU
		{73AE1FC9-D833-4F07-8029-7D53BD89A276}.Release|Any CPU.ActiveCfg = Release|Any CPU
		{73AE1FC9-D833-4F07-8029-7D53BD89A276}.Release|Any CPU.Build.0 = Release|Any CPU
		{BE8CE354-8AB2-4959-925E-57C1A2893AE9}.Debug|Any CPU.ActiveCfg = Debug|Any CPU
		{BE8CE354-8AB2-4959-925E-57C1A2893AE9}.Debug|Any CPU.Build.0 = Debug|Any CPU
		{BE8CE354-8AB2-4959-925E-57C1A2893AE9}.Release|Any CPU.ActiveCfg = Release|Any CPU
		{BE8CE354-8AB2-4959-925E-57C1A2893AE9}.Release|Any CPU.Build.0 = Release|Any CPU
		{88D1A0A6-5611-4F1D-ACB0-212CCA899538}.Debug|Any CPU.ActiveCfg = Debug|Any CPU
		{88D1A0A6-5611-4F1D-ACB0-212CCA899538}.Debug|Any CPU.Build.0 = Debug|Any CPU
		{88D1A0A6-5611-4F1D-ACB0-212CCA899538}.Release|Any CPU.ActiveCfg = Release|Any CPU
		{88D1A0A6-5611-4F1D-ACB0-212CCA899538}.Release|Any CPU.Build.0 = Release|Any CPU
		{A3C092FA-0C89-4252-98D4-0F62A7348337}.Debug|Any CPU.ActiveCfg = Debug|Any CPU
		{A3C092FA-0C89-4252-98D4-0F62A7348337}.Debug|Any CPU.Build.0 = Debug|Any CPU
		{A3C092FA-0C89-4252-98D4-0F62A7348337}.Release|Any CPU.ActiveCfg = Release|Any CPU
		{A3C092FA-0C89-4252-98D4-0F62A7348337}.Release|Any CPU.Build.0 = Release|Any CPU
		{E36626FC-3F4B-4A0F-A7CB-44FC95B5CFD0}.Debug|Any CPU.ActiveCfg = Debug|Any CPU
		{E36626FC-3F4B-4A0F-A7CB-44FC95B5CFD0}.Debug|Any CPU.Build.0 = Debug|Any CPU
		{E36626FC-3F4B-4A0F-A7CB-44FC95B5CFD0}.Release|Any CPU.ActiveCfg = Release|Any CPU
		{E36626FC-3F4B-4A0F-A7CB-44FC95B5CFD0}.Release|Any CPU.Build.0 = Release|Any CPU
	EndGlobalSection
	GlobalSection(SolutionProperties) = preSolution
		HideSolutionNode = FALSE
	EndGlobalSection
EndGlobal
